<?xml version="1.0" encoding="utf-8" ?>
<Project ToolsVersion="4.0" xmlns="http://schemas.microsoft.com/developer/msbuild/2003">
    <ItemGroup>
        <Filter Include="Lession">
            <UniqueIdentifier>{4FCEBEBA-79F9-480C-B2AF-42647852D4D3}</UniqueIdentifier>
        </Filter>
        <Filter Include="x64">
            <UniqueIdentifier>{7571B4DA-5187-44B7-ABA2-17918DF7A6A1}</UniqueIdentifier>
        </Filter>
    </ItemGroup>
    <ItemGroup>
        <ClCompile Include="CPPLearn.cpp" />
        <ClCompile Include="Lession\Lession01.cpp">
            <Filter>Lession</Filter>
        </ClCompile>
        <ClCompile Include="Lession\Lession02.cpp">
            <Filter>Lession</Filter>
        </ClCompile>
        <ClCompile Include="Lession\Lession03.cpp">
            <Filter>Lession</Filter>
        </ClCompile>
    </ItemGroup>
    <ItemGroup>
        <ClInclude Include="Lession\Lession01.h">
            <Filter>Lession</Filter>
        </ClInclude>
        <ClInclude Include="Lession\Lession02.h">
            <Filter>Lession</Filter>
        </ClInclude>
        <ClInclude Include="Lession\Lession03.h">
            <Filter>Lession</Filter>
        </ClInclude>
    </ItemGroup>
</Project>
