<?xml version="1.0" encoding="utf-8" ?>
<Project ToolsVersion="4.0" xmlns="http://schemas.microsoft.com/developer/msbuild/2003">
    <ItemGroup>
        <Filter Include="Lession">
            <UniqueIdentifier>{E7F932E3-D269-4BCD-AD19-D3F03C843FF6}</UniqueIdentifier>
        </Filter>
        <Filter Include="Lession\Offer">
            <UniqueIdentifier>{9628D964-B601-4A36-9ABD-3C3CA9629EDE}</UniqueIdentifier>
        </Filter>
        <Filter Include="x64">
            <UniqueIdentifier>{D712170C-25F9-4E33-90F9-963B9C2C57E2}</UniqueIdentifier>
        </Filter>
    </ItemGroup>
    <ItemGroup>
        <ClCompile Include="CPPLearn.cpp" />
        <ClCompile Include="Lession\Lession0000.cpp">
            <Filter>Lession</Filter>
        </ClCompile>
        <ClCompile Include="Lession\Lession01.cpp">
            <Filter>Lession</Filter>
        </ClCompile>
        <ClCompile Include="Lession\Lession02.cpp">
            <Filter>Lession</Filter>
        </ClCompile>
        <ClCompile Include="Lession\Lession03.cpp">
            <Filter>Lession</Filter>
        </ClCompile>
        <ClCompile Include="Lession\Lession04.cpp">
            <Filter>Lession</Filter>
        </ClCompile>
        <ClCompile Include="Lession\Lession997.cpp">
            <Filter>Lession</Filter>
        </ClCompile>
        <ClCompile Include="Lession\Lession998.cpp">
            <Filter>Lession</Filter>
        </ClCompile>
        <ClCompile Include="Lession\Offer\offer001.cpp">
            <Filter>Lession\Offer</Filter>
        </ClCompile>
    </ItemGroup>
    <ItemGroup>
        <ClInclude Include="Lession\Lession0000.h">
            <Filter>Lession</Filter>
        </ClInclude>
        <ClInclude Include="Lession\Lession01.h">
            <Filter>Lession</Filter>
        </ClInclude>
        <ClInclude Include="Lession\Lession02.h">
            <Filter>Lession</Filter>
        </ClInclude>
        <ClInclude Include="Lession\Lession03.h">
            <Filter>Lession</Filter>
        </ClInclude>
        <ClInclude Include="Lession\Lession04.h">
            <Filter>Lession</Filter>
        </ClInclude>
        <ClInclude Include="Lession\Lession997.h">
            <Filter>Lession</Filter>
        </ClInclude>
        <ClInclude Include="Lession\Lession998.h">
            <Filter>Lession</Filter>
        </ClInclude>
        <ClInclude Include="Lession\Offer\offer001.h">
            <Filter>Lession\Offer</Filter>
        </ClInclude>
    </ItemGroup>
</Project>
