<?xml version="1.0" encoding="utf-8" ?>
<Project ToolsVersion="4.0" xmlns="http://schemas.microsoft.com/developer/msbuild/2003">
    <ItemGroup>
        <Filter Include="Lession">
            <UniqueIdentifier>{76750175-3859-45DC-8C2C-E62C43FC62DD}</UniqueIdentifier>
        </Filter>
        <Filter Include="x64">
            <UniqueIdentifier>{3237A40D-70FF-4141-A576-995E19137730}</UniqueIdentifier>
        </Filter>
    </ItemGroup>
    <ItemGroup>
        <ClCompile Include="CPPLearn.cpp" />
        <ClCompile Include="Lession\Lession01.cpp">
            <Filter>Lession</Filter>
        </ClCompile>
        <ClCompile Include="Lession\Lession02.cpp">
            <Filter>Lession</Filter>
        </ClCompile>
        <ClCompile Include="Lession\Lession03.cpp">
            <Filter>Lession</Filter>
        </ClCompile>
        <ClCompile Include="Lession\Lession04.cpp">
            <Filter>Lession</Filter>
        </ClCompile>
    </ItemGroup>
    <ItemGroup>
        <ClInclude Include="Lession\Lession01.h">
            <Filter>Lession</Filter>
        </ClInclude>
        <ClInclude Include="Lession\Lession02.h">
            <Filter>Lession</Filter>
        </ClInclude>
        <ClInclude Include="Lession\Lession03.h">
            <Filter>Lession</Filter>
        </ClInclude>
        <ClInclude Include="Lession\Lession04.h">
            <Filter>Lession</Filter>
        </ClInclude>
    </ItemGroup>
</Project>
